
Microsoft Visual Studio Solution File, Format Version 12.00
# Visual Studio Version 16
VisualStudioVersion = 16.0.35425.106
MinimumVisualStudioVersion = 10.0.40219.1
Project("{8BC9CEB8-8B4A-11D0-8D11-00A0C91BC942}") = "main", "main\main.vcxproj", "{95E63FEC-5FF3-48A7-BF4D-DC91B7ECCEA0}"
EndProject
Project("{8BC9CEB8-8B4A-11D0-8D11-00A0C91BC942}") = "Detours", "detours\vc\Detours.vcxproj", "{37489709-8054-4903-9C49-A79846049FC9}"
EndProject
Project("{8BC9CEB8-8B4A-11D0-8D11-00A0C91BC942}") = "redirection", "redirection\redirection.vcxproj", "{A09D422F-A91D-46E9-BDF0-76BC09423EC3}"
EndProject
Project("{8BC9CEB8-8B4A-11D0-8D11-00A0C91BC942}") = "engine-extension", "engine-extension\engine-extension.vcxproj", "{3721F43E-420F-470E-B982-FBBFABEC2F47}"
EndProject
Global
	GlobalSection(SolutionConfigurationPlatforms) = preSolution
		Debug|ARM = Debug|ARM
		Debug|ARM64 = Debug|ARM64
		Debug|x64 = Debug|x64
		Debug|x86 = Debug|x86
		DebugMDd|ARM = DebugMDd|ARM
		DebugMDd|ARM64 = DebugMDd|ARM64
		DebugMDd|x64 = DebugMDd|x64
		DebugMDd|x86 = DebugMDd|x86
		Release|ARM = Release|ARM
		Release|ARM64 = Release|ARM64
		Release|x64 = Release|x64
		Release|x86 = Release|x86
		ReleaseMD|ARM = ReleaseMD|ARM
		ReleaseMD|ARM64 = ReleaseMD|ARM64
		ReleaseMD|x64 = ReleaseMD|x64
		ReleaseMD|x86 = ReleaseMD|x86
	EndGlobalSection
	GlobalSection(ProjectConfigurationPlatforms) = postSolution
		{95E63FEC-5FF3-48A7-BF4D-DC91B7ECCEA0}.Debug|ARM.ActiveCfg = Debug|x64
		{95E63FEC-5FF3-48A7-BF4D-DC91B7ECCEA0}.Debug|ARM.Build.0 = Debug|x64
		{95E63FEC-5FF3-48A7-BF4D-DC91B7ECCEA0}.Debug|ARM64.ActiveCfg = Debug|x64
		{95E63FEC-5FF3-48A7-BF4D-DC91B7ECCEA0}.Debug|ARM64.Build.0 = Debug|x64
		{95E63FEC-5FF3-48A7-BF4D-DC91B7ECCEA0}.Debug|x64.ActiveCfg = Debug|x64
		{95E63FEC-5FF3-48A7-BF4D-DC91B7ECCEA0}.Debug|x64.Build.0 = Debug|x64
		{95E63FEC-5FF3-48A7-BF4D-DC91B7ECCEA0}.Debug|x86.ActiveCfg = Debug|Win32
		{95E63FEC-5FF3-48A7-BF4D-DC91B7ECCEA0}.Debug|x86.Build.0 = Debug|Win32
		{95E63FEC-5FF3-48A7-BF4D-DC91B7ECCEA0}.DebugMDd|ARM.ActiveCfg = Debug|x64
		{95E63FEC-5FF3-48A7-BF4D-DC91B7ECCEA0}.DebugMDd|ARM.Build.0 = Debug|x64
		{95E63FEC-5FF3-48A7-BF4D-DC91B7ECCEA0}.DebugMDd|ARM64.ActiveCfg = Debug|x64
		{95E63FEC-5FF3-48A7-BF4D-DC91B7ECCEA0}.DebugMDd|ARM64.Build.0 = Debug|x64
		{95E63FEC-5FF3-48A7-BF4D-DC91B7ECCEA0}.DebugMDd|x64.ActiveCfg = Debug|x64
		{95E63FEC-5FF3-48A7-BF4D-DC91B7ECCEA0}.DebugMDd|x64.Build.0 = Debug|x64
		{95E63FEC-5FF3-48A7-BF4D-DC91B7ECCEA0}.DebugMDd|x86.ActiveCfg = Debug|Win32
		{95E63FEC-5FF3-48A7-BF4D-DC91B7ECCEA0}.DebugMDd|x86.Build.0 = Debug|Win32
		{95E63FEC-5FF3-48A7-BF4D-DC91B7ECCEA0}.Release|ARM.ActiveCfg = Release|x64
		{95E63FEC-5FF3-48A7-BF4D-DC91B7ECCEA0}.Release|ARM.Build.0 = Release|x64
		{95E63FEC-5FF3-48A7-BF4D-DC91B7ECCEA0}.Release|ARM64.ActiveCfg = Release|x64
		{95E63FEC-5FF3-48A7-BF4D-DC91B7ECCEA0}.Release|ARM64.Build.0 = Release|x64
		{95E63FEC-5FF3-48A7-BF4D-DC91B7ECCEA0}.Release|x64.ActiveCfg = Release|x64
		{95E63FEC-5FF3-48A7-BF4D-DC91B7ECCEA0}.Release|x64.Build.0 = Release|x64
		{95E63FEC-5FF3-48A7-BF4D-DC91B7ECCEA0}.Release|x86.ActiveCfg = Release|Win32
		{95E63FEC-5FF3-48A7-BF4D-DC91B7ECCEA0}.Release|x86.Build.0 = Release|Win32
		{95E63FEC-5FF3-48A7-BF4D-DC91B7ECCEA0}.ReleaseMD|ARM.ActiveCfg = Release|x64
		{95E63FEC-5FF3-48A7-BF4D-DC91B7ECCEA0}.ReleaseMD|ARM.Build.0 = Release|x64
		{95E63FEC-5FF3-48A7-BF4D-DC91B7ECCEA0}.ReleaseMD|ARM64.ActiveCfg = Release|x64
		{95E63FEC-5FF3-48A7-BF4D-DC91B7ECCEA0}.ReleaseMD|ARM64.Build.0 = Release|x64
		{95E63FEC-5FF3-48A7-BF4D-DC91B7ECCEA0}.ReleaseMD|x64.ActiveCfg = Release|x64
		{95E63FEC-5FF3-48A7-BF4D-DC91B7ECCEA0}.ReleaseMD|x64.Build.0 = Release|x64
		{95E63FEC-5FF3-48A7-BF4D-DC91B7ECCEA0}.ReleaseMD|x86.ActiveCfg = Release|Win32
		{95E63FEC-5FF3-48A7-BF4D-DC91B7ECCEA0}.ReleaseMD|x86.Build.0 = Release|Win32
		{37489709-8054-4903-9C49-A79846049FC9}.Debug|ARM.ActiveCfg = DebugMDd|ARM
		{37489709-8054-4903-9C49-A79846049FC9}.Debug|ARM.Build.0 = DebugMDd|ARM
		{37489709-8054-4903-9C49-A79846049FC9}.Debug|ARM64.ActiveCfg = DebugMDd|ARM64
		{37489709-8054-4903-9C49-A79846049FC9}.Debug|ARM64.Build.0 = DebugMDd|ARM64
		{37489709-8054-4903-9C49-A79846049FC9}.Debug|x64.ActiveCfg = DebugMDd|x64
		{37489709-8054-4903-9C49-A79846049FC9}.Debug|x64.Build.0 = DebugMDd|x64
		{37489709-8054-4903-9C49-A79846049FC9}.Debug|x86.ActiveCfg = DebugMDd|Win32
		{37489709-8054-4903-9C49-A79846049FC9}.Debug|x86.Build.0 = DebugMDd|Win32
		{37489709-8054-4903-9C49-A79846049FC9}.DebugMDd|ARM.ActiveCfg = DebugMDd|ARM
		{37489709-8054-4903-9C49-A79846049FC9}.DebugMDd|ARM.Build.0 = DebugMDd|ARM
		{37489709-8054-4903-9C49-A79846049FC9}.DebugMDd|ARM64.ActiveCfg = DebugMDd|ARM64
		{37489709-8054-4903-9C49-A79846049FC9}.DebugMDd|ARM64.Build.0 = DebugMDd|ARM64
		{37489709-8054-4903-9C49-A79846049FC9}.DebugMDd|x64.ActiveCfg = DebugMDd|x64
		{37489709-8054-4903-9C49-A79846049FC9}.DebugMDd|x64.Build.0 = DebugMDd|x64
		{37489709-8054-4903-9C49-A79846049FC9}.DebugMDd|x86.ActiveCfg = DebugMDd|Win32
		{37489709-8054-4903-9C49-A79846049FC9}.DebugMDd|x86.Build.0 = DebugMDd|Win32
		{37489709-8054-4903-9C49-A79846049FC9}.Release|ARM.ActiveCfg = ReleaseMD|ARM
		{37489709-8054-4903-9C49-A79846049FC9}.Release|ARM.Build.0 = ReleaseMD|ARM
		{37489709-8054-4903-9C49-A79846049FC9}.Release|ARM64.ActiveCfg = ReleaseMD|ARM64
		{37489709-8054-4903-9C49-A79846049FC9}.Release|ARM64.Build.0 = ReleaseMD|ARM64
		{37489709-8054-4903-9C49-A79846049FC9}.Release|x64.ActiveCfg = ReleaseMD|x64
		{37489709-8054-4903-9C49-A79846049FC9}.Release|x64.Build.0 = ReleaseMD|x64
		{37489709-8054-4903-9C49-A79846049FC9}.Release|x86.ActiveCfg = ReleaseMD|Win32
		{37489709-8054-4903-9C49-A79846049FC9}.ReleaseMD|ARM.ActiveCfg = ReleaseMD|ARM
		{37489709-8054-4903-9C49-A79846049FC9}.ReleaseMD|ARM.Build.0 = ReleaseMD|ARM
		{37489709-8054-4903-9C49-A79846049FC9}.ReleaseMD|ARM64.ActiveCfg = ReleaseMD|ARM64
		{37489709-8054-4903-9C49-A79846049FC9}.ReleaseMD|ARM64.Build.0 = ReleaseMD|ARM64
		{37489709-8054-4903-9C49-A79846049FC9}.ReleaseMD|x64.ActiveCfg = ReleaseMD|x64
		{37489709-8054-4903-9C49-A79846049FC9}.ReleaseMD|x64.Build.0 = ReleaseMD|x64
		{37489709-8054-4903-9C49-A79846049FC9}.ReleaseMD|x86.ActiveCfg = ReleaseMD|Win32
		{37489709-8054-4903-9C49-A79846049FC9}.ReleaseMD|x86.Build.0 = ReleaseMD|Win32
		{A09D422F-A91D-46E9-BDF0-76BC09423EC3}.Debug|ARM.ActiveCfg = Debug|x64
		{A09D422F-A91D-46E9-BDF0-76BC09423EC3}.Debug|ARM.Build.0 = Debug|x64
		{A09D422F-A91D-46E9-BDF0-76BC09423EC3}.Debug|ARM64.ActiveCfg = Debug|x64
		{A09D422F-A91D-46E9-BDF0-76BC09423EC3}.Debug|ARM64.Build.0 = Debug|x64
		{A09D422F-A91D-46E9-BDF0-76BC09423EC3}.Debug|x64.ActiveCfg = Debug|x64
		{A09D422F-A91D-46E9-BDF0-76BC09423EC3}.Debug|x64.Build.0 = Debug|x64
		{A09D422F-A91D-46E9-BDF0-76BC09423EC3}.Debug|x86.ActiveCfg = Debug|Win32
		{A09D422F-A91D-46E9-BDF0-76BC09423EC3}.Debug|x86.Build.0 = Debug|Win32
		{A09D422F-A91D-46E9-BDF0-76BC09423EC3}.DebugMDd|ARM.ActiveCfg = Debug|x64
		{A09D422F-A91D-46E9-BDF0-76BC09423EC3}.DebugMDd|ARM.Build.0 = Debug|x64
		{A09D422F-A91D-46E9-BDF0-76BC09423EC3}.DebugMDd|ARM64.ActiveCfg = Debug|x64
		{A09D422F-A91D-46E9-BDF0-76BC09423EC3}.DebugMDd|ARM64.Build.0 = Debug|x64
		{A09D422F-A91D-46E9-BDF0-76BC09423EC3}.DebugMDd|x64.ActiveCfg = Debug|x64
		{A09D422F-A91D-46E9-BDF0-76BC09423EC3}.DebugMDd|x64.Build.0 = Debug|x64
		{A09D422F-A91D-46E9-BDF0-76BC09423EC3}.DebugMDd|x86.ActiveCfg = Debug|Win32
		{A09D422F-A91D-46E9-BDF0-76BC09423EC3}.DebugMDd|x86.Build.0 = Debug|Win32
		{A09D422F-A91D-46E9-BDF0-76BC09423EC3}.Release|ARM.ActiveCfg = Release|x64
		{A09D422F-A91D-46E9-BDF0-76BC09423EC3}.Release|ARM.Build.0 = Release|x64
		{A09D422F-A91D-46E9-BDF0-76BC09423EC3}.Release|ARM64.ActiveCfg = Release|x64
		{A09D422F-A91D-46E9-BDF0-76BC09423EC3}.Release|ARM64.Build.0 = Release|x64
		{A09D422F-A91D-46E9-BDF0-76BC09423EC3}.Release|x64.ActiveCfg = Release|x64
		{A09D422F-A91D-46E9-BDF0-76BC09423EC3}.Release|x64.Build.0 = Release|x64
		{A09D422F-A91D-46E9-BDF0-76BC09423EC3}.Release|x86.ActiveCfg = Release|Win32
		{A09D422F-A91D-46E9-BDF0-76BC09423EC3}.Release|x86.Build.0 = Release|Win32
		{A09D422F-A91D-46E9-BDF0-76BC09423EC3}.ReleaseMD|ARM.ActiveCfg = Release|x64
		{A09D422F-A91D-46E9-BDF0-76BC09423EC3}.ReleaseMD|ARM.Build.0 = Release|x64
		{A09D422F-A91D-46E9-BDF0-76BC09423EC3}.ReleaseMD|ARM64.ActiveCfg = Release|x64
		{A09D422F-A91D-46E9-BDF0-76BC09423EC3}.ReleaseMD|ARM64.Build.0 = Release|x64
		{A09D422F-A91D-46E9-BDF0-76BC09423EC3}.ReleaseMD|x64.ActiveCfg = Release|x64
		{A09D422F-A91D-46E9-BDF0-76BC09423EC3}.ReleaseMD|x64.Build.0 = Release|x64
		{A09D422F-A91D-46E9-BDF0-76BC09423EC3}.ReleaseMD|x86.ActiveCfg = Release|Win32
		{A09D422F-A91D-46E9-BDF0-76BC09423EC3}.ReleaseMD|x86.Build.0 = Release|Win32
		{3721F43E-420F-470E-B982-FBBFABEC2F47}.Debug|ARM.ActiveCfg = Debug|x64
		{3721F43E-420F-470E-B982-FBBFABEC2F47}.Debug|ARM.Build.0 = Debug|x64
		{3721F43E-420F-470E-B982-FBBFABEC2F47}.Debug|ARM64.ActiveCfg = Debug|x64
		{3721F43E-420F-470E-B982-FBBFABEC2F47}.Debug|ARM64.Build.0 = Debug|x64
		{3721F43E-420F-470E-B982-FBBFABEC2F47}.Debug|x64.ActiveCfg = Debug|x64
		{3721F43E-420F-470E-B982-FBBFABEC2F47}.Debug|x64.Build.0 = Debug|x64
		{3721F43E-420F-470E-B982-FBBFABEC2F47}.Debug|x86.ActiveCfg = Debug|Win32
		{3721F43E-420F-470E-B982-FBBFABEC2F47}.Debug|x86.Build.0 = Debug|Win32
		{3721F43E-420F-470E-B982-FBBFABEC2F47}.DebugMDd|ARM.ActiveCfg = Debug|x64
		{3721F43E-420F-470E-B982-FBBFABEC2F47}.DebugMDd|ARM.Build.0 = Debug|x64
		{3721F43E-420F-470E-B982-FBBFABEC2F47}.DebugMDd|ARM64.ActiveCfg = Debug|x64
		{3721F43E-420F-470E-B982-FBBFABEC2F47}.DebugMDd|ARM64.Build.0 = Debug|x64
		{3721F43E-420F-470E-B982-FBBFABEC2F47}.DebugMDd|x64.ActiveCfg = Debug|x64
		{3721F43E-420F-470E-B982-FBBFABEC2F47}.DebugMDd|x64.Build.0 = Debug|x64
		{3721F43E-420F-470E-B982-FBBFABEC2F47}.DebugMDd|x86.ActiveCfg = Debug|Win32
		{3721F43E-420F-470E-B982-FBBFABEC2F47}.DebugMDd|x86.Build.0 = Debug|Win32
		{3721F43E-420F-470E-B982-FBBFABEC2F47}.Release|ARM.ActiveCfg = Release|x64
		{3721F43E-420F-470E-B982-FBBFABEC2F47}.Release|ARM.Build.0 = Release|x64
		{3721F43E-420F-470E-B982-FBBFABEC2F47}.Release|ARM64.ActiveCfg = Release|x64
		{3721F43E-420F-470E-B982-FBBFABEC2F47}.Release|ARM64.Build.0 = Release|x64
		{3721F43E-420F-470E-B982-FBBFABEC2F47}.Release|x64.ActiveCfg = Release|x64
		{3721F43E-420F-470E-B982-FBBFABEC2F47}.Release|x64.Build.0 = Release|x64
		{3721F43E-420F-470E-B982-FBBFABEC2F47}.Release|x86.ActiveCfg = Release|Win32
		{3721F43E-420F-470E-B982-FBBFABEC2F47}.Release|x86.Build.0 = Release|Win32
		{3721F43E-420F-470E-B982-FBBFABEC2F47}.ReleaseMD|ARM.ActiveCfg = Release|x64
		{3721F43E-420F-470E-B982-FBBFABEC2F47}.ReleaseMD|ARM.Build.0 = Release|x64
		{3721F43E-420F-470E-B982-FBBFABEC2F47}.ReleaseMD|ARM64.ActiveCfg = Release|x64
		{3721F43E-420F-470E-B982-FBBFABEC2F47}.ReleaseMD|ARM64.Build.0 = Release|x64
		{3721F43E-420F-470E-B982-FBBFABEC2F47}.ReleaseMD|x64.ActiveCfg = Release|x64
		{3721F43E-420F-470E-B982-FBBFABEC2F47}.ReleaseMD|x64.Build.0 = Release|x64
		{3721F43E-420F-470E-B982-FBBFABEC2F47}.ReleaseMD|x86.ActiveCfg = Release|Win32
		{3721F43E-420F-470E-B982-FBBFABEC2F47}.ReleaseMD|x86.Build.0 = Release|Win32
	EndGlobalSection
	GlobalSection(SolutionProperties) = preSolution
		HideSolutionNode = FALSE
	EndGlobalSection
	GlobalSection(ExtensibilityGlobals) = postSolution
		SolutionGuid = {01D9B5A6-B5FC-4A59-905F-53E1DBA4784C}
	EndGlobalSection
EndGlobal
