<?xml version="1.0" encoding="utf-8"?>
<Project ToolsVersion="4.0" xmlns="http://schemas.microsoft.com/developer/msbuild/2003">
  <ItemGroup>
    <Filter Include="源文件">
      <UniqueIdentifier>{4FC737F1-C7A5-4376-A066-2A32D752A2FF}</UniqueIdentifier>
      <Extensions>cpp;c;cc;cxx;c++;cppm;ixx;def;odl;idl;hpj;bat;asm;asmx</Extensions>
    </Filter>
    <Filter Include="头文件">
      <UniqueIdentifier>{93995380-89BD-4b04-88EB-625FBE52EBFB}</UniqueIdentifier>
      <Extensions>h;hh;hpp;hxx;h++;hm;inl;inc;ipp;xsd</Extensions>
    </Filter>
    <Filter Include="资源文件">
      <UniqueIdentifier>{67DA6AB6-F800-4c08-8B7A-83BB121AAD01}</UniqueIdentifier>
      <Extensions>rc;ico;cur;bmp;dlg;rc2;rct;bin;rgs;gif;jpg;jpeg;jpe;resx;tiff;tif;png;wav;mfcribbon-ms</Extensions>
    </Filter>
    <Filter Include="源文件\hook">
      <UniqueIdentifier>{59e541ab-953b-4ab1-995f-7e71aef5dc85}</UniqueIdentifier>
    </Filter>
    <Filter Include="头文件\dllBase">
      <UniqueIdentifier>{3d0359b5-e2e0-4645-b42e-2eb93e5334a3}</UniqueIdentifier>
    </Filter>
    <Filter Include="头文件\hook">
      <UniqueIdentifier>{ced61da1-4474-48cf-acab-ff137b563608}</UniqueIdentifier>
    </Filter>
    <Filter Include="头文件\util">
      <UniqueIdentifier>{8bbf6ff2-1339-443e-aa94-413bc7656d73}</UniqueIdentifier>
    </Filter>
    <Filter Include="源文件\dllBase">
      <UniqueIdentifier>{be368485-6ba0-45de-a97b-4c1878ffbe3f}</UniqueIdentifier>
    </Filter>
    <Filter Include="头文件\hook\d3d9">
      <UniqueIdentifier>{23e74b19-ebbe-445b-aba9-ced3dfa181c0}</UniqueIdentifier>
    </Filter>
    <Filter Include="源文件\hook\d3d9">
      <UniqueIdentifier>{1bf8a470-d828-4a1f-ba15-8c9da0c168fb}</UniqueIdentifier>
    </Filter>
    <Filter Include="源文件\util">
      <UniqueIdentifier>{36e80736-94d2-4fb7-a779-3e2b605983c8}</UniqueIdentifier>
    </Filter>
    <Filter Include="头文件\3rd">
      <UniqueIdentifier>{8801706b-dba4-4d4e-8f5f-919dc48a73cb}</UniqueIdentifier>
    </Filter>
    <Filter Include="着色器">
      <UniqueIdentifier>{d0950ccf-e722-423c-8d98-270cef61e3ae}</UniqueIdentifier>
    </Filter>
    <Filter Include="源文件\render">
      <UniqueIdentifier>{86c13319-7244-401f-b1f3-434c9c8818a6}</UniqueIdentifier>
    </Filter>
    <Filter Include="头文件\render">
      <UniqueIdentifier>{a7500f32-eee5-4d29-9e04-84ae8783a468}</UniqueIdentifier>
    </Filter>
    <Filter Include="头文件\render\drawable">
      <UniqueIdentifier>{f73c8ad8-b4f5-4794-ac78-3d2f462aadc3}</UniqueIdentifier>
    </Filter>
    <Filter Include="源文件\render\drawable">
      <UniqueIdentifier>{43937613-a79a-4c94-a2b9-d329d1471044}</UniqueIdentifier>
    </Filter>
  </ItemGroup>
  <ItemGroup>
    <ClInclude Include="framework.h">
      <Filter>头文件\dllBase</Filter>
    </ClInclude>
    <ClInclude Include="pch.h">
      <Filter>头文件\dllBase</Filter>
    </ClInclude>
    <ClInclude Include="msgBoxHook.h">
      <Filter>头文件\hook</Filter>
    </ClInclude>
    <ClInclude Include="d3d9DevWrapper.h">
      <Filter>头文件\hook\d3d9</Filter>
    </ClInclude>
    <ClInclude Include="d3d9Wrapper.h">
      <Filter>头文件\hook\d3d9</Filter>
    </ClInclude>
    <ClInclude Include="d3dHook.h">
      <Filter>头文件\hook\d3d9</Filter>
    </ClInclude>
    <ClInclude Include="hook.h">
      <Filter>头文件\hook</Filter>
    </ClInclude>
    <ClInclude Include="strUtil.h">
      <Filter>头文件\util</Filter>
    </ClInclude>
    <ClInclude Include="showWindowHook.h">
      <Filter>头文件\hook</Filter>
    </ClInclude>
    <ClInclude Include="winapiUtil.h">
      <Filter>头文件\util</Filter>
    </ClInclude>
    <ClInclude Include="smbxContext.h">
      <Filter>头文件</Filter>
    </ClInclude>
    <ClInclude Include="uuid.h">
      <Filter>头文件\3rd</Filter>
    </ClInclude>
    <ClInclude Include="staticEventMgr.hpp">
      <Filter>头文件\util</Filter>
    </ClInclude>
    <ClInclude Include="timeMgr.h">
      <Filter>头文件\util</Filter>
    </ClInclude>
    <ClInclude Include="uuidGen.h">
      <Filter>头文件\util</Filter>
    </ClInclude>
    <ClInclude Include="event.h">
      <Filter>头文件</Filter>
    </ClInclude>
    <ClInclude Include="window.h">
      <Filter>头文件</Filter>
    </ClInclude>
    <ClInclude Include="logger.h">
      <Filter>头文件\util</Filter>
    </ClInclude>
    <ClInclude Include="resource.h">
      <Filter>头文件</Filter>
    </ClInclude>
    <ClInclude Include="render.h">
      <Filter>头文件\render</Filter>
    </ClInclude>
    <ClInclude Include="renderInit.h">
      <Filter>头文件\render</Filter>
    </ClInclude>
    <ClInclude Include="renderInternalDef.h">
      <Filter>头文件\render</Filter>
    </ClInclude>
    <ClInclude Include="quad.h">
      <Filter>头文件\render\drawable</Filter>
    </ClInclude>
    <ClInclude Include="vertex.h">
      <Filter>头文件\render\drawable</Filter>
    </ClInclude>
    <ClInclude Include="getMessageHook.h">
      <Filter>头文件\hook</Filter>
    </ClInclude>
  </ItemGroup>
  <ItemGroup>
    <ClCompile Include="main.cpp">
      <Filter>源文件</Filter>
    </ClCompile>
    <ClCompile Include="msgBoxHook.cpp">
      <Filter>源文件\hook</Filter>
    </ClCompile>
    <ClCompile Include="dllmain.cpp">
      <Filter>源文件\dllBase</Filter>
    </ClCompile>
    <ClCompile Include="pch.cpp">
      <Filter>源文件\dllBase</Filter>
    </ClCompile>
    <ClCompile Include="d3d9DevWrapper.cpp">
      <Filter>源文件\hook\d3d9</Filter>
    </ClCompile>
    <ClCompile Include="d3d9Wrapper.cpp">
      <Filter>源文件\hook\d3d9</Filter>
    </ClCompile>
    <ClCompile Include="d3dHook.cpp">
      <Filter>源文件\hook\d3d9</Filter>
    </ClCompile>
    <ClCompile Include="hook.cpp">
      <Filter>源文件\hook</Filter>
    </ClCompile>
    <ClCompile Include="strUtil.cpp">
      <Filter>源文件\util</Filter>
    </ClCompile>
    <ClCompile Include="showWindowHook.cpp">
      <Filter>源文件\hook</Filter>
    </ClCompile>
    <ClCompile Include="winapiUtil.cpp">
      <Filter>源文件\util</Filter>
    </ClCompile>
    <ClCompile Include="smbxContext.cpp">
      <Filter>源文件</Filter>
    </ClCompile>
    <ClCompile Include="staticEventMgr.cpp">
      <Filter>源文件\util</Filter>
    </ClCompile>
    <ClCompile Include="timeMgr.cpp">
      <Filter>源文件\util</Filter>
    </ClCompile>
    <ClCompile Include="uuidGen.cpp">
      <Filter>源文件\util</Filter>
    </ClCompile>
    <ClCompile Include="window.cpp">
      <Filter>源文件</Filter>
    </ClCompile>
    <ClCompile Include="logger.cpp">
      <Filter>源文件\util</Filter>
    </ClCompile>
    <ClCompile Include="render.cpp">
      <Filter>源文件\render</Filter>
    </ClCompile>
    <ClCompile Include="renderDevice.cpp">
      <Filter>源文件\render</Filter>
    </ClCompile>
    <ClCompile Include="renderResource.cpp">
      <Filter>源文件\render</Filter>
    </ClCompile>
    <ClCompile Include="quad.cpp">
      <Filter>源文件\render\drawable</Filter>
    </ClCompile>
    <ClCompile Include="getMessageHook.cpp">
      <Filter>源文件\hook</Filter>
    </ClCompile>
  </ItemGroup>
  <ItemGroup>
    <ResourceCompile Include="engine-extension.rc">
      <Filter>资源文件</Filter>
    </ResourceCompile>
  </ItemGroup>
  <ItemGroup>
    <FxCompile Include="vertex.hlsl">
      <Filter>着色器</Filter>
    </FxCompile>
    <FxCompile Include="pixel.hlsl">
      <Filter>着色器</Filter>
    </FxCompile>
  </ItemGroup>
</Project>